<Solution>
  <Folder Name="/SolutionItems/">
    <File Path=".editorconfig" />
    <File Path="Directory.Build.props" />
    <File Path="Directory.Packages.props" />
    <File Path="docker-compose.yml" />
    <File Path="Dockerfile" />
    <File Path="nuget.config" />
  </Folder>
  <Folder Name="/src/">
    <Project Path="src/CommentService.Contracts/CommentService.Contracts.csproj" />
    <Project Path="src/CommentService.Core/CommentService.Core.csproj" />
    <Project Path="src/CommentService.Domain/CommentService.Domain.csproj" />
    <Project Path="src/CommentService.Infrastructure.Postgres/CommentService.Infrastructure.Postgres.csproj" />
    <Project Path="src/CommentService.Web/CommentService.Web.csproj" />
  </Folder>
  <Folder Name="/tests/">
    <Project Path="tests/CommentService.IntegrationTests/CommentService.IntegrationTests.csproj" />
  </Folder>
</Solution>
