<Solution>
  <Folder Name="/SolutionItems/">
    <File Path=".editorconfig" />
    <File Path="Directory.Build.props" />
    <File Path="Directory.Packages.props" />
    <File Path="docker-compose.yml" />
    <File Path="Dockerfile" />
    <File Path="nuget.config" />
  </Folder>
  <Folder Name="/src/">
    <Project Path="src/TagService.Contracts/TagService.Contracts.csproj" />
    <Project Path="src/TagService.Core/TagService.Core.csproj" />
    <Project Path="src/TagService.Domain/TagService.Domain.csproj" />
    <Project Path="src/TagService.Infrastructure.Postgres/TagService.Infrastructure.Postgres.csproj" />
    <Project Path="src/TagService.Web/TagService.Web.csproj" />
  </Folder>
  <Folder Name="/tests/">
    <Project Path="tests/TagService.IntegrationTests/TagService.IntegrationTests.csproj" />
  </Folder>
</Solution>
