<Solution>
  <Folder Name="/SolutionItems/">
    <File Path=".editorconfig" />
    <File Path="Directory.Build.props" />
    <File Path="Directory.Packages.props" />
    <File Path="docker-compose.yml" />
    <File Path="Dockerfile" />
    <File Path="nuget.config" />
  </Folder>
  <Folder Name="/src/">
    <Project Path="src/SearchService.Contracts/SearchService.Contracts.csproj" />
    <Project Path="src/SearchService.Core/SearchService.Core.csproj" />
    <Project Path="src/SearchService.Domain/SearchService.Domain.csproj" />
    <Project Path="src/SearchService.Infrastructure.Postgres/SearchService.Infrastructure.Postgres.csproj" />
    <Project Path="src/SearchService.Web/SearchService.Web.csproj" />
  </Folder>
  <Folder Name="/tests/">
    <Project Path="tests/SearchService.IntegrationTests/SearchService.IntegrationTests.csproj" />
  </Folder>
</Solution>
